
Microsoft Visual Studio Solution File, Format Version 12.00
# Visual Studio 2013
VisualStudioVersion = 12.0.21005.1
MinimumVisualStudioVersion = 10.0.40219.1
Project("{8BC9CEB8-8B4A-11D0-8D11-00A0C91BC942}") = "text_1_13", "text_1_13\text_1_13.vcxproj", "{9C17FFA6-B166-4E0F-B77E-55C1ED617907}"
EndProject
Global
	GlobalSection(SolutionConfigurationPlatforms) = preSolution
		123456|Win32 = 123456|Win32
		123456|x64 = 123456|x64
		Debug|Win32 = Debug|Win32
		Debug|x64 = Debug|x64
		Release|Win32 = Release|Win32
		Release|x64 = Release|x64
	EndGlobalSection
	GlobalSection(ProjectConfigurationPlatforms) = postSolution
		{9C17FFA6-B166-4E0F-B77E-55C1ED617907}.123456|Win32.ActiveCfg = Debug|Win32
		{9C17FFA6-B166-4E0F-B77E-55C1ED617907}.123456|Win32.Build.0 = Debug|Win32
		{9C17FFA6-B166-4E0F-B77E-55C1ED617907}.123456|x64.ActiveCfg = Release|x64
		{9C17FFA6-B166-4E0F-B77E-55C1ED617907}.123456|x64.Build.0 = Release|x64
		{9C17FFA6-B166-4E0F-B77E-55C1ED617907}.Debug|Win32.ActiveCfg = Debug|Win32
		{9C17FFA6-B166-4E0F-B77E-55C1ED617907}.Debug|Win32.Build.0 = Debug|Win32
		{9C17FFA6-B166-4E0F-B77E-55C1ED617907}.Debug|x64.ActiveCfg = Debug|x64
		{9C17FFA6-B166-4E0F-B77E-55C1ED617907}.Debug|x64.Build.0 = Debug|x64
		{9C17FFA6-B166-4E0F-B77E-55C1ED617907}.Release|Win32.ActiveCfg = Release|Win32
		{9C17FFA6-B166-4E0F-B77E-55C1ED617907}.Release|Win32.Build.0 = Release|Win32
		{9C17FFA6-B166-4E0F-B77E-55C1ED617907}.Release|x64.ActiveCfg = Release|x64
		{9C17FFA6-B166-4E0F-B77E-55C1ED617907}.Release|x64.Build.0 = Release|x64
	EndGlobalSection
	GlobalSection(SolutionProperties) = preSolution
		HideSolutionNode = FALSE
	EndGlobalSection
EndGlobal
